
Microsoft Visual Studio Solution File, Format Version 12.00
# Visual Studio Version 16
VisualStudioVersion = 16.0.30503.244
MinimumVisualStudioVersion = 10.0.40219.1
Project("{8BC9CEB8-8B4A-11D0-8D11-00A0C91BC942}") = "CppStudy", "CppStudy\CppStudy.vcxproj", "{DBA5B046-D73B-4211-88B8-8AE1013A621A}"
EndProject
Project("{9A19103F-16F7-4668-BE54-9A1E7A4F7556}") = "netCoreStudy", "netCoreStudy\netCoreStudy.csproj", "{56E7761C-30DC-4235-8635-FC03FEB53443}"
EndProject
Project("{8BC9CEB8-8B4A-11D0-8D11-00A0C91BC942}") = "Homework", "Homework\Homework.vcxproj", "{4C44DE4C-0BEA-4334-AD5F-D243FD100552}"
EndProject
Project("{8BC9CEB8-8B4A-11D0-8D11-00A0C91BC942}") = "LinuxCpp", "LinuxCpp\LinuxCpp.vcxproj", "{DF8ABE61-F608-4141-B266-50829C1673C6}"
EndProject
Project("{9A19103F-16F7-4668-BE54-9A1E7A4F7556}") = "Maze", "Maze\Maze.csproj", "{BCFC60B6-426B-471C-8484-E7830A6CC63F}"
EndProject
Project("{FAE04EC0-301F-11D3-BF4B-00C04F79EFBC}") = "Webcore", "Webcore\Webcore.csproj", "{A35F48F4-AECC-4888-86B8-29B5CEAE2C24}"
EndProject
Global
	GlobalSection(SolutionConfigurationPlatforms) = preSolution
		Debug|Any CPU = Debug|Any CPU
		Debug|ARM = Debug|ARM
		Debug|ARM64 = Debug|ARM64
		Debug|x64 = Debug|x64
		Debug|x86 = Debug|x86
		Release|Any CPU = Release|Any CPU
		Release|ARM = Release|ARM
		Release|ARM64 = Release|ARM64
		Release|x64 = Release|x64
		Release|x86 = Release|x86
	EndGlobalSection
	GlobalSection(ProjectConfigurationPlatforms) = postSolution
		{DBA5B046-D73B-4211-88B8-8AE1013A621A}.Debug|Any CPU.ActiveCfg = Debug|Win32
		{DBA5B046-D73B-4211-88B8-8AE1013A621A}.Debug|ARM.ActiveCfg = Debug|Win32
		{DBA5B046-D73B-4211-88B8-8AE1013A621A}.Debug|ARM64.ActiveCfg = Debug|Win32
		{DBA5B046-D73B-4211-88B8-8AE1013A621A}.Debug|x64.ActiveCfg = Debug|x64
		{DBA5B046-D73B-4211-88B8-8AE1013A621A}.Debug|x64.Build.0 = Debug|x64
		{DBA5B046-D73B-4211-88B8-8AE1013A621A}.Debug|x86.ActiveCfg = Debug|Win32
		{DBA5B046-D73B-4211-88B8-8AE1013A621A}.Debug|x86.Build.0 = Debug|Win32
		{DBA5B046-D73B-4211-88B8-8AE1013A621A}.Release|Any CPU.ActiveCfg = Release|Win32
		{DBA5B046-D73B-4211-88B8-8AE1013A621A}.Release|ARM.ActiveCfg = Release|Win32
		{DBA5B046-D73B-4211-88B8-8AE1013A621A}.Release|ARM64.ActiveCfg = Release|Win32
		{DBA5B046-D73B-4211-88B8-8AE1013A621A}.Release|x64.ActiveCfg = Release|x64
		{DBA5B046-D73B-4211-88B8-8AE1013A621A}.Release|x64.Build.0 = Release|x64
		{DBA5B046-D73B-4211-88B8-8AE1013A621A}.Release|x86.ActiveCfg = Release|Win32
		{DBA5B046-D73B-4211-88B8-8AE1013A621A}.Release|x86.Build.0 = Release|Win32
		{56E7761C-30DC-4235-8635-FC03FEB53443}.Debug|Any CPU.ActiveCfg = Debug|Any CPU
		{56E7761C-30DC-4235-8635-FC03FEB53443}.Debug|Any CPU.Build.0 = Debug|Any CPU
		{56E7761C-30DC-4235-8635-FC03FEB53443}.Debug|ARM.ActiveCfg = Debug|Any CPU
		{56E7761C-30DC-4235-8635-FC03FEB53443}.Debug|ARM.Build.0 = Debug|Any CPU
		{56E7761C-30DC-4235-8635-FC03FEB53443}.Debug|ARM64.ActiveCfg = Debug|Any CPU
		{56E7761C-30DC-4235-8635-FC03FEB53443}.Debug|ARM64.Build.0 = Debug|Any CPU
		{56E7761C-30DC-4235-8635-FC03FEB53443}.Debug|x64.ActiveCfg = Debug|Any CPU
		{56E7761C-30DC-4235-8635-FC03FEB53443}.Debug|x64.Build.0 = Debug|Any CPU
		{56E7761C-30DC-4235-8635-FC03FEB53443}.Debug|x86.ActiveCfg = Debug|Any CPU
		{56E7761C-30DC-4235-8635-FC03FEB53443}.Debug|x86.Build.0 = Debug|Any CPU
		{56E7761C-30DC-4235-8635-FC03FEB53443}.Release|Any CPU.ActiveCfg = Release|Any CPU
		{56E7761C-30DC-4235-8635-FC03FEB53443}.Release|Any CPU.Build.0 = Release|Any CPU
		{56E7761C-30DC-4235-8635-FC03FEB53443}.Release|ARM.ActiveCfg = Release|Any CPU
		{56E7761C-30DC-4235-8635-FC03FEB53443}.Release|ARM.Build.0 = Release|Any CPU
		{56E7761C-30DC-4235-8635-FC03FEB53443}.Release|ARM64.ActiveCfg = Release|Any CPU
		{56E7761C-30DC-4235-8635-FC03FEB53443}.Release|ARM64.Build.0 = Release|Any CPU
		{56E7761C-30DC-4235-8635-FC03FEB53443}.Release|x64.ActiveCfg = Release|Any CPU
		{56E7761C-30DC-4235-8635-FC03FEB53443}.Release|x64.Build.0 = Release|Any CPU
		{56E7761C-30DC-4235-8635-FC03FEB53443}.Release|x86.ActiveCfg = Release|Any CPU
		{56E7761C-30DC-4235-8635-FC03FEB53443}.Release|x86.Build.0 = Release|Any CPU
		{4C44DE4C-0BEA-4334-AD5F-D243FD100552}.Debug|Any CPU.ActiveCfg = Debug|Win32
		{4C44DE4C-0BEA-4334-AD5F-D243FD100552}.Debug|ARM.ActiveCfg = Debug|Win32
		{4C44DE4C-0BEA-4334-AD5F-D243FD100552}.Debug|ARM64.ActiveCfg = Debug|Win32
		{4C44DE4C-0BEA-4334-AD5F-D243FD100552}.Debug|x64.ActiveCfg = Debug|x64
		{4C44DE4C-0BEA-4334-AD5F-D243FD100552}.Debug|x64.Build.0 = Debug|x64
		{4C44DE4C-0BEA-4334-AD5F-D243FD100552}.Debug|x86.ActiveCfg = Debug|Win32
		{4C44DE4C-0BEA-4334-AD5F-D243FD100552}.Debug|x86.Build.0 = Debug|Win32
		{4C44DE4C-0BEA-4334-AD5F-D243FD100552}.Release|Any CPU.ActiveCfg = Release|Win32
		{4C44DE4C-0BEA-4334-AD5F-D243FD100552}.Release|ARM.ActiveCfg = Release|Win32
		{4C44DE4C-0BEA-4334-AD5F-D243FD100552}.Release|ARM64.ActiveCfg = Release|Win32
		{4C44DE4C-0BEA-4334-AD5F-D243FD100552}.Release|x64.ActiveCfg = Release|x64
		{4C44DE4C-0BEA-4334-AD5F-D243FD100552}.Release|x64.Build.0 = Release|x64
		{4C44DE4C-0BEA-4334-AD5F-D243FD100552}.Release|x86.ActiveCfg = Release|Win32
		{4C44DE4C-0BEA-4334-AD5F-D243FD100552}.Release|x86.Build.0 = Release|Win32
		{DF8ABE61-F608-4141-B266-50829C1673C6}.Debug|Any CPU.ActiveCfg = Debug|x86
		{DF8ABE61-F608-4141-B266-50829C1673C6}.Debug|ARM.ActiveCfg = Debug|ARM
		{DF8ABE61-F608-4141-B266-50829C1673C6}.Debug|ARM.Build.0 = Debug|ARM
		{DF8ABE61-F608-4141-B266-50829C1673C6}.Debug|ARM.Deploy.0 = Debug|ARM
		{DF8ABE61-F608-4141-B266-50829C1673C6}.Debug|ARM64.ActiveCfg = Debug|ARM64
		{DF8ABE61-F608-4141-B266-50829C1673C6}.Debug|ARM64.Build.0 = Debug|ARM64
		{DF8ABE61-F608-4141-B266-50829C1673C6}.Debug|ARM64.Deploy.0 = Debug|ARM64
		{DF8ABE61-F608-4141-B266-50829C1673C6}.Debug|x64.ActiveCfg = Debug|x64
		{DF8ABE61-F608-4141-B266-50829C1673C6}.Debug|x64.Build.0 = Debug|x64
		{DF8ABE61-F608-4141-B266-50829C1673C6}.Debug|x64.Deploy.0 = Debug|x64
		{DF8ABE61-F608-4141-B266-50829C1673C6}.Debug|x86.ActiveCfg = Debug|x86
		{DF8ABE61-F608-4141-B266-50829C1673C6}.Debug|x86.Build.0 = Debug|x86
		{DF8ABE61-F608-4141-B266-50829C1673C6}.Debug|x86.Deploy.0 = Debug|x86
		{DF8ABE61-F608-4141-B266-50829C1673C6}.Release|Any CPU.ActiveCfg = Release|x86
		{DF8ABE61-F608-4141-B266-50829C1673C6}.Release|ARM.ActiveCfg = Release|ARM
		{DF8ABE61-F608-4141-B266-50829C1673C6}.Release|ARM.Build.0 = Release|ARM
		{DF8ABE61-F608-4141-B266-50829C1673C6}.Release|ARM.Deploy.0 = Release|ARM
		{DF8ABE61-F608-4141-B266-50829C1673C6}.Release|ARM64.ActiveCfg = Release|ARM64
		{DF8ABE61-F608-4141-B266-50829C1673C6}.Release|ARM64.Build.0 = Release|ARM64
		{DF8ABE61-F608-4141-B266-50829C1673C6}.Release|ARM64.Deploy.0 = Release|ARM64
		{DF8ABE61-F608-4141-B266-50829C1673C6}.Release|x64.ActiveCfg = Release|x64
		{DF8ABE61-F608-4141-B266-50829C1673C6}.Release|x64.Build.0 = Release|x64
		{DF8ABE61-F608-4141-B266-50829C1673C6}.Release|x64.Deploy.0 = Release|x64
		{DF8ABE61-F608-4141-B266-50829C1673C6}.Release|x86.ActiveCfg = Release|x86
		{DF8ABE61-F608-4141-B266-50829C1673C6}.Release|x86.Build.0 = Release|x86
		{DF8ABE61-F608-4141-B266-50829C1673C6}.Release|x86.Deploy.0 = Release|x86
		{BCFC60B6-426B-471C-8484-E7830A6CC63F}.Debug|Any CPU.ActiveCfg = Debug|Any CPU
		{BCFC60B6-426B-471C-8484-E7830A6CC63F}.Debug|Any CPU.Build.0 = Debug|Any CPU
		{BCFC60B6-426B-471C-8484-E7830A6CC63F}.Debug|ARM.ActiveCfg = Debug|Any CPU
		{BCFC60B6-426B-471C-8484-E7830A6CC63F}.Debug|ARM.Build.0 = Debug|Any CPU
		{BCFC60B6-426B-471C-8484-E7830A6CC63F}.Debug|ARM64.ActiveCfg = Debug|Any CPU
		{BCFC60B6-426B-471C-8484-E7830A6CC63F}.Debug|ARM64.Build.0 = Debug|Any CPU
		{BCFC60B6-426B-471C-8484-E7830A6CC63F}.Debug|x64.ActiveCfg = Debug|Any CPU
		{BCFC60B6-426B-471C-8484-E7830A6CC63F}.Debug|x64.Build.0 = Debug|Any CPU
		{BCFC60B6-426B-471C-8484-E7830A6CC63F}.Debug|x86.ActiveCfg = Debug|Any CPU
		{BCFC60B6-426B-471C-8484-E7830A6CC63F}.Debug|x86.Build.0 = Debug|Any CPU
		{BCFC60B6-426B-471C-8484-E7830A6CC63F}.Release|Any CPU.ActiveCfg = Release|Any CPU
		{BCFC60B6-426B-471C-8484-E7830A6CC63F}.Release|Any CPU.Build.0 = Release|Any CPU
		{BCFC60B6-426B-471C-8484-E7830A6CC63F}.Release|ARM.ActiveCfg = Release|Any CPU
		{BCFC60B6-426B-471C-8484-E7830A6CC63F}.Release|ARM.Build.0 = Release|Any CPU
		{BCFC60B6-426B-471C-8484-E7830A6CC63F}.Release|ARM64.ActiveCfg = Release|Any CPU
		{BCFC60B6-426B-471C-8484-E7830A6CC63F}.Release|ARM64.Build.0 = Release|Any CPU
		{BCFC60B6-426B-471C-8484-E7830A6CC63F}.Release|x64.ActiveCfg = Release|Any CPU
		{BCFC60B6-426B-471C-8484-E7830A6CC63F}.Release|x64.Build.0 = Release|Any CPU
		{BCFC60B6-426B-471C-8484-E7830A6CC63F}.Release|x86.ActiveCfg = Release|Any CPU
		{BCFC60B6-426B-471C-8484-E7830A6CC63F}.Release|x86.Build.0 = Release|Any CPU
		{A35F48F4-AECC-4888-86B8-29B5CEAE2C24}.Debug|Any CPU.ActiveCfg = Debug|Any CPU
		{A35F48F4-AECC-4888-86B8-29B5CEAE2C24}.Debug|Any CPU.Build.0 = Debug|Any CPU
		{A35F48F4-AECC-4888-86B8-29B5CEAE2C24}.Debug|ARM.ActiveCfg = Debug|Any CPU
		{A35F48F4-AECC-4888-86B8-29B5CEAE2C24}.Debug|ARM.Build.0 = Debug|Any CPU
		{A35F48F4-AECC-4888-86B8-29B5CEAE2C24}.Debug|ARM64.ActiveCfg = Debug|Any CPU
		{A35F48F4-AECC-4888-86B8-29B5CEAE2C24}.Debug|ARM64.Build.0 = Debug|Any CPU
		{A35F48F4-AECC-4888-86B8-29B5CEAE2C24}.Debug|x64.ActiveCfg = Debug|Any CPU
		{A35F48F4-AECC-4888-86B8-29B5CEAE2C24}.Debug|x64.Build.0 = Debug|Any CPU
		{A35F48F4-AECC-4888-86B8-29B5CEAE2C24}.Debug|x86.ActiveCfg = Debug|Any CPU
		{A35F48F4-AECC-4888-86B8-29B5CEAE2C24}.Debug|x86.Build.0 = Debug|Any CPU
		{A35F48F4-AECC-4888-86B8-29B5CEAE2C24}.Release|Any CPU.ActiveCfg = Release|Any CPU
		{A35F48F4-AECC-4888-86B8-29B5CEAE2C24}.Release|Any CPU.Build.0 = Release|Any CPU
		{A35F48F4-AECC-4888-86B8-29B5CEAE2C24}.Release|ARM.ActiveCfg = Release|Any CPU
		{A35F48F4-AECC-4888-86B8-29B5CEAE2C24}.Release|ARM.Build.0 = Release|Any CPU
		{A35F48F4-AECC-4888-86B8-29B5CEAE2C24}.Release|ARM64.ActiveCfg = Release|Any CPU
		{A35F48F4-AECC-4888-86B8-29B5CEAE2C24}.Release|ARM64.Build.0 = Release|Any CPU
		{A35F48F4-AECC-4888-86B8-29B5CEAE2C24}.Release|x64.ActiveCfg = Release|Any CPU
		{A35F48F4-AECC-4888-86B8-29B5CEAE2C24}.Release|x64.Build.0 = Release|Any CPU
		{A35F48F4-AECC-4888-86B8-29B5CEAE2C24}.Release|x86.ActiveCfg = Release|Any CPU
		{A35F48F4-AECC-4888-86B8-29B5CEAE2C24}.Release|x86.Build.0 = Release|Any CPU
	EndGlobalSection
	GlobalSection(SolutionProperties) = preSolution
		HideSolutionNode = FALSE
	EndGlobalSection
	GlobalSection(ExtensibilityGlobals) = postSolution
		SolutionGuid = {4419BA4B-1FAF-4F3B-B75C-7AE380227795}
	EndGlobalSection
EndGlobal
